// !$*UTF8*$!
{
	archiveVersion = 1;
	classes = {
	};
	objectVersion = 55;
	objects = {

/* Begin PBXBuildFile section */
		96D6719528F7F5D000D438DA /* AppDelegate.swift in Sources */ = {isa = PBXBuildFile; fileRef = 96D6719428F7F5D000D438DA /* AppDelegate.swift */; };
		96D6719728F7F5D000D438DA /* SceneDelegate.swift in Sources */ = {isa = PBXBuildFile; fileRef = 96D6719628F7F5D000D438DA /* SceneDelegate.swift */; };
		96D6719928F7F5D000D438DA /* ViewController.swift in Sources */ = {isa = PBXBuildFile; fileRef = 96D6719828F7F5D000D438DA /* ViewController.swift */; };
		96D6719C28F7F5D000D438DA /* Main.storyboard in Resources */ = {isa = PBXBuildFile; fileRef = 96D6719A28F7F5D000D438DA /* Main.storyboard */; };
		96D6719E28F7F5D100D438DA /* Assets.xcassets in Resources */ = {isa = PBXBuildFile; fileRef = 96D6719D28F7F5D100D438DA /* Assets.xcassets */; };
		96D671A128F7F5D100D438DA /* LaunchScreen.storyboard in Resources */ = {isa = PBXBuildFile; fileRef = 96D6719F28F7F5D100D438DA /* LaunchScreen.storyboard */; };
		96D671AC28F7F5D200D438DA /* CustomizedTableViewTests.swift in Sources */ = {isa = PBXBuildFile; fileRef = 96D671AB28F7F5D200D438DA /* CustomizedTableViewTests.swift */; };
		96D671B628F7F5D200D438DA /* CustomizedTableViewUITests.swift in Sources */ = {isa = PBXBuildFile; fileRef = 96D671B528F7F5D200D438DA /* CustomizedTableViewUITests.swift */; };
		96D671B828F7F5D200D438DA /* CustomizedTableViewUITestsLaunchTests.swift in Sources */ = {isa = PBXBuildFile; fileRef = 96D671B728F7F5D200D438DA /* CustomizedTableViewUITestsLaunchTests.swift */; };
/* End PBXBuildFile section */

/* Begin PBXContainerItemProxy section */
		96D671A828F7F5D200D438DA /* PBXContainerItemProxy */ = {
			isa = PBXContainerItemProxy;
			containerPortal = 96D6718928F7F5D000D438DA /* Project object */;
			proxyType = 1;
			remoteGlobalIDString = 96D6719028F7F5D000D438DA;
			remoteInfo = CustomizedTableView;
		};
		96D671B228F7F5D200D438DA /* PBXContainerItemProxy */ = {
			isa = PBXContainerItemProxy;
			containerPortal = 96D6718928F7F5D000D438DA /* Project object */;
			proxyType = 1;
			remoteGlobalIDString = 96D6719028F7F5D000D438DA;
			remoteInfo = CustomizedTableView;
		};
/* End PBXContainerItemProxy section */

/* Begin PBXFileReference section */
		96D6719128F7F5D000D438DA /* CustomizedTableView.app */ = {isa = PBXFileReference; explicitFileType = wrapper.application; includeInIndex = 0; path = CustomizedTableView.app; sourceTree = BUILT_PRODUCTS_DIR; };
		96D6719428F7F5D000D438DA /* AppDelegate.swift */ = {isa = PBXFileReference; lastKnownFileType = sourcecode.swift; path = AppDelegate.swift; sourceTree = "<group>"; };
		96D6719628F7F5D000D438DA /* SceneDelegate.swift */ = {isa = PBXFileReference; lastKnownFileType = sourcecode.swift; path = SceneDelegate.swift; sourceTree = "<group>"; };
		96D6719828F7F5D000D438DA /* ViewController.swift */ = {isa = PBXFileReference; lastKnownFileType = sourcecode.swift; path = ViewController.swift; sourceTree = "<group>"; };
		96D6719B28F7F5D000D438DA /* Base */ = {isa = PBXFileReference; lastKnownFileType = file.storyboard; name = Base; path = Base.lproj/Main.storyboard; sourceTree = "<group>"; };
		96D6719D28F7F5D100D438DA /* Assets.xcassets */ = {isa = PBXFileReference; lastKnownFileType = folder.assetcatalog; path = Assets.xcassets; sourceTree = "<group>"; };
		96D671A028F7F5D100D438DA /* Base */ = {isa = PBXFileReference; lastKnownFileType = file.storyboard; name = Base; path = Base.lproj/LaunchScreen.storyboard; sourceTree = "<group>"; };
		96D671A228F7F5D100D438DA /* Info.plist */ = {isa = PBXFileReference; lastKnownFileType = text.plist.xml; path = Info.plist; sourceTree = "<group>"; };
		96D671A728F7F5D200D438DA /* CustomizedTableViewTests.xctest */ = {isa = PBXFileReference; explicitFileType = wrapper.cfbundle; includeInIndex = 0; path = CustomizedTableViewTests.xctest; sourceTree = BUILT_PRODUCTS_DIR; };
		96D671AB28F7F5D200D438DA /* CustomizedTableViewTests.swift */ = {isa = PBXFileReference; lastKnownFileType = sourcecode.swift; path = CustomizedTableViewTests.swift; sourceTree = "<group>"; };
		96D671B128F7F5D200D438DA /* CustomizedTableViewUITests.xctest */ = {isa = PBXFileReference; explicitFileType = wrapper.cfbundle; includeInIndex = 0; path = CustomizedTableViewUITests.xctest; sourceTree = BUILT_PRODUCTS_DIR; };
		96D671B528F7F5D200D438DA /* CustomizedTableViewUITests.swift */ = {isa = PBXFileReference; lastKnownFileType = sourcecode.swift; path = CustomizedTableViewUITests.swift; sourceTree = "<group>"; };
		96D671B728F7F5D200D438DA /* CustomizedTableViewUITestsLaunchTests.swift */ = {isa = PBXFileReference; lastKnownFileType = sourcecode.swift; path = CustomizedTableViewUITestsLaunchTests.swift; sourceTree = "<group>"; };
/* End PBXFileReference section */

/* Begin PBXFrameworksBuildPhase section */
		96D6718E28F7F5D000D438DA /* Frameworks */ = {
			isa = PBXFrameworksBuildPhase;
			buildActionMask = 2147483647;
			files = (
			);
			runOnlyForDeploymentPostprocessing = 0;
		};
		96D671A428F7F5D200D438DA /* Frameworks */ = {
			isa = PBXFrameworksBuildPhase;
			buildActionMask = 2147483647;
			files = (
			);
			runOnlyForDeploymentPostprocessing = 0;
		};
		96D671AE28F7F5D200D438DA /* Frameworks */ = {
			isa = PBXFrameworksBuildPhase;
			buildActionMask = 2147483647;
			files = (
			);
			runOnlyForDeploymentPostprocessing = 0;
		};
/* End PBXFrameworksBuildPhase section */

/* Begin PBXGroup section */
		96D6718828F7F5D000D438DA = {
			isa = PBXGroup;
			children = (
				96D6719328F7F5D000D438DA /* CustomizedTableView */,
				96D671AA28F7F5D200D438DA /* CustomizedTableViewTests */,
				96D671B428F7F5D200D438DA /* CustomizedTableViewUITests */,
				96D6719228F7F5D000D438DA /* Products */,
			);
			sourceTree = "<group>";
		};
		96D6719228F7F5D000D438DA /* Products */ = {
			isa = PBXGroup;
			children = (
				96D6719128F7F5D000D438DA /* CustomizedTableView.app */,
				96D671A728F7F5D200D438DA /* CustomizedTableViewTests.xctest */,
				96D671B128F7F5D200D438DA /* CustomizedTableViewUITests.xctest */,
			);
			name = Products;
			sourceTree = "<group>";
		};
		96D6719328F7F5D000D438DA /* CustomizedTableView */ = {
			isa = PBXGroup;
			children = (
				96D6719428F7F5D000D438DA /* AppDelegate.swift */,
				96D6719628F7F5D000D438DA /* SceneDelegate.swift */,
				96D6719828F7F5D000D438DA /* ViewController.swift */,
				96D6719A28F7F5D000D438DA /* Main.storyboard */,
				96D6719D28F7F5D100D438DA /* Assets.xcassets */,
				96D6719F28F7F5D100D438DA /* LaunchScreen.storyboard */,
				96D671A228F7F5D100D438DA /* Info.plist */,
			);
			path = CustomizedTableView;
			sourceTree = "<group>";
		};
		96D671AA28F7F5D200D438DA /* CustomizedTableViewTests */ = {
			isa = PBXGroup;
			children = (
				96D671AB28F7F5D200D438DA /* CustomizedTableViewTests.swift */,
			);
			path = CustomizedTableViewTests;
			sourceTree = "<group>";
		};
		96D671B428F7F5D200D438DA /* CustomizedTableViewUITests */ = {
			isa = PBXGroup;
			children = (
				96D671B528F7F5D200D438DA /* CustomizedTableViewUITests.swift */,
				96D671B728F7F5D200D438DA /* CustomizedTableViewUITestsLaunchTests.swift */,
			);
			path = CustomizedTableViewUITests;
			sourceTree = "<group>";
		};
/* End PBXGroup section */

/* Begin PBXNativeTarget section */
		96D6719028F7F5D000D438DA /* CustomizedTableView */ = {
			isa = PBXNativeTarget;
			buildConfigurationList = 96D671BB28F7F5D200D438DA /* Build configuration list for PBXNativeTarget "CustomizedTableView" */;
			buildPhases = (
				96D6718D28F7F5D000D438DA /* Sources */,
				96D6718E28F7F5D000D438DA /* Frameworks */,
				96D6718F28F7F5D000D438DA /* Resources */,
			);
			buildRules = (
			);
			dependencies = (
			);
			name = CustomizedTableView;
			productName = CustomizedTableView;
			productReference = 96D6719128F7F5D000D438DA /* CustomizedTableView.app */;
			productType = "com.apple.product-type.application";
		};
		96D671A628F7F5D200D438DA /* CustomizedTableViewTests */ = {
			isa = PBXNativeTarget;
			buildConfigurationList = 96D671BE28F7F5D200D438DA /* Build configuration list for PBXNativeTarget "CustomizedTableViewTests" */;
			buildPhases = (
				96D671A328F7F5D200D438DA /* Sources */,
				96D671A428F7F5D200D438DA /* Frameworks */,
				96D671A528F7F5D200D438DA /* Resources */,
			);
			buildRules = (
			);
			dependencies = (
				96D671A928F7F5D200D438DA /* PBXTargetDependency */,
			);
			name = CustomizedTableViewTests;
			productName = CustomizedTableViewTests;
			productReference = 96D671A728F7F5D200D438DA /* CustomizedTableViewTests.xctest */;
			productType = "com.apple.product-type.bundle.unit-test";
		};
		96D671B028F7F5D200D438DA /* CustomizedTableViewUITests */ = {
			isa = PBXNativeTarget;
			buildConfigurationList = 96D671C128F7F5D200D438DA /* Build configuration list for PBXNativeTarget "CustomizedTableViewUITests" */;
			buildPhases = (
				96D671AD28F7F5D200D438DA /* Sources */,
				96D671AE28F7F5D200D438DA /* Frameworks */,
				96D671AF28F7F5D200D438DA /* Resources */,
			);
			buildRules = (
			);
			dependencies = (
				96D671B328F7F5D200D438DA /* PBXTargetDependency */,
			);
			name = CustomizedTableViewUITests;
			productName = CustomizedTableViewUITests;
			productReference = 96D671B128F7F5D200D438DA /* CustomizedTableViewUITests.xctest */;
			productType = "com.apple.product-type.bundle.ui-testing";
		};
/* End PBXNativeTarget section */

/* Begin PBXProject section */
		96D6718928F7F5D000D438DA /* Project object */ = {
			isa = PBXProject;
			attributes = {
				BuildIndependentTargetsInParallel = 1;
				LastSwiftUpdateCheck = 1340;
				LastUpgradeCheck = 1340;
				TargetAttributes = {
					96D6719028F7F5D000D438DA = {
						CreatedOnToolsVersion = 13.4.1;
					};
					96D671A628F7F5D200D438DA = {
						CreatedOnToolsVersion = 13.4.1;
						TestTargetID = 96D6719028F7F5D000D438DA;
					};
					96D671B028F7F5D200D438DA = {
						CreatedOnToolsVersion = 13.4.1;
						TestTargetID = 96D6719028F7F5D000D438DA;
					};
				};
			};
			buildConfigurationList = 96D6718C28F7F5D000D438DA /* Build configuration list for PBXProject "CustomizedTableView" */;
			compatibilityVersion = "Xcode 13.0";
			developmentRegion = en;
			hasScannedForEncodings = 0;
			knownRegions = (
				en,
				Base,
			);
			mainGroup = 96D6718828F7F5D000D438DA;
			productRefGroup = 96D6719228F7F5D000D438DA /* Products */;
			projectDirPath = "";
			projectRoot = "";
			targets = (
				96D6719028F7F5D000D438DA /* CustomizedTableView */,
				96D671A628F7F5D200D438DA /* CustomizedTableViewTests */,
				96D671B028F7F5D200D438DA /* CustomizedTableViewUITests */,
			);
		};
/* End PBXProject section */

/* Begin PBXResourcesBuildPhase section */
		96D6718F28F7F5D000D438DA /* Resources */ = {
			isa = PBXResourcesBuildPhase;
			buildActionMask = 2147483647;
			files = (
				96D671A128F7F5D100D438DA /* LaunchScreen.storyboard in Resources */,
				96D6719E28F7F5D100D438DA /* Assets.xcassets in Resources */,
				96D6719C28F7F5D000D438DA /* Main.storyboard in Resources */,
			);
			runOnlyForDeploymentPostprocessing = 0;
		};
		96D671A528F7F5D200D438DA /* Resources */ = {
			isa = PBXResourcesBuildPhase;
			buildActionMask = 2147483647;
			files = (
			);
			runOnlyForDeploymentPostprocessing = 0;
		};
		96D671AF28F7F5D200D438DA /* Resources */ = {
			isa = PBXResourcesBuildPhase;
			buildActionMask = 2147483647;
			files = (
			);
			runOnlyForDeploymentPostprocessing = 0;
		};
/* End PBXResourcesBuildPhase section */

/* Begin PBXSourcesBuildPhase section */
		96D6718D28F7F5D000D438DA /* Sources */ = {
			isa = PBXSourcesBuildPhase;
			buildActionMask = 2147483647;
			files = (
				96D6719928F7F5D000D438DA /* ViewController.swift in Sources */,
				96D6719528F7F5D000D438DA /* AppDelegate.swift in Sources */,
				96D6719728F7F5D000D438DA /* SceneDelegate.swift in Sources */,
			);
			runOnlyForDeploymentPostprocessing = 0;
		};
		96D671A328F7F5D200D438DA /* Sources */ = {
			isa = PBXSourcesBuildPhase;
			buildActionMask = 2147483647;
			files = (
				96D671AC28F7F5D200D438DA /* CustomizedTableViewTests.swift in Sources */,
			);
			runOnlyForDeploymentPostprocessing = 0;
		};
		96D671AD28F7F5D200D438DA /* Sources */ = {
			isa = PBXSourcesBuildPhase;
			buildActionMask = 2147483647;
			files = (
				96D671B628F7F5D200D438DA /* CustomizedTableViewUITests.swift in Sources */,
				96D671B828F7F5D200D438DA /* CustomizedTableViewUITestsLaunchTests.swift in Sources */,
			);
			runOnlyForDeploymentPostprocessing = 0;
		};
/* End PBXSourcesBuildPhase section */

/* Begin PBXTargetDependency section */
		96D671A928F7F5D200D438DA /* PBXTargetDependency */ = {
			isa = PBXTargetDependency;
			target = 96D6719028F7F5D000D438DA /* CustomizedTableView */;
			targetProxy = 96D671A828F7F5D200D438DA /* PBXContainerItemProxy */;
		};
		96D671B328F7F5D200D438DA /* PBXTargetDependency */ = {
			isa = PBXTargetDependency;
			target = 96D6719028F7F5D000D438DA /* CustomizedTableView */;
			targetProxy = 96D671B228F7F5D200D438DA /* PBXContainerItemProxy */;
		};
/* End PBXTargetDependency section */

/* Begin PBXVariantGroup section */
		96D6719A28F7F5D000D438DA /* Main.storyboard */ = {
			isa = PBXVariantGroup;
			children = (
				96D6719B28F7F5D000D438DA /* Base */,
			);
			name = Main.storyboard;
			sourceTree = "<group>";
		};
		96D6719F28F7F5D100D438DA /* LaunchScreen.storyboard */ = {
			isa = PBXVariantGroup;
			children = (
				96D671A028F7F5D100D438DA /* Base */,
			);
			name = LaunchScreen.storyboard;
			sourceTree = "<group>";
		};
/* End PBXVariantGroup section */

/* Begin XCBuildConfiguration section */
		96D671B928F7F5D200D438DA /* Debug */ = {
			isa = XCBuildConfiguration;
			buildSettings = {
				ALWAYS_SEARCH_USER_PATHS = NO;
				CLANG_ANALYZER_NONNULL = YES;
				CLANG_ANALYZER_NUMBER_OBJECT_CONVERSION = YES_AGGRESSIVE;
				CLANG_CXX_LANGUAGE_STANDARD = "gnu++17";
				CLANG_ENABLE_MODULES = YES;
				CLANG_ENABLE_OBJC_ARC = YES;
				CLANG_ENABLE_OBJC_WEAK = YES;
				CLANG_WARN_BLOCK_CAPTURE_AUTORELEASING = YES;
				CLANG_WARN_BOOL_CONVERSION = YES;
				CLANG_WARN_COMMA = YES;
				CLANG_WARN_CONSTANT_CONVERSION = YES;
				CLANG_WARN_DEPRECATED_OBJC_IMPLEMENTATIONS = YES;
				CLANG_WARN_DIRECT_OBJC_ISA_USAGE = YES_ERROR;
				CLANG_WARN_DOCUMENTATION_COMMENTS = YES;
				CLANG_WARN_EMPTY_BODY = YES;
				CLANG_WARN_ENUM_CONVERSION = YES;
				CLANG_WARN_INFINITE_RECURSION = YES;
				CLANG_WARN_INT_CONVERSION = YES;
				CLANG_WARN_NON_LITERAL_NULL_CONVERSION = YES;
				CLANG_WARN_OBJC_IMPLICIT_RETAIN_SELF = YES;
				CLANG_WARN_OBJC_LITERAL_CONVERSION = YES;
				CLANG_WARN_OBJC_ROOT_CLASS = YES_ERROR;
				CLANG_WARN_QUOTED_INCLUDE_IN_FRAMEWORK_HEADER = YES;
				CLANG_WARN_RANGE_LOOP_ANALYSIS = YES;
				CLANG_WARN_STRICT_PROTOTYPES = YES;
				CLANG_WARN_SUSPICIOUS_MOVE = YES;
				CLANG_WARN_UNGUARDED_AVAILABILITY = YES_AGGRESSIVE;
				CLANG_WARN_UNREACHABLE_CODE = YES;
				CLANG_WARN__DUPLICATE_METHOD_MATCH = YES;
				COPY_PHASE_STRIP = NO;
				DEBUG_INFORMATION_FORMAT = dwarf;
				ENABLE_STRICT_OBJC_MSGSEND = YES;
				ENABLE_TESTABILITY = YES;
				GCC_C_LANGUAGE_STANDARD = gnu11;
				GCC_DYNAMIC_NO_PIC = NO;
				GCC_NO_COMMON_BLOCKS = YES;
				GCC_OPTIMIZATION_LEVEL = 0;
				GCC_PREPROCESSOR_DEFINITIONS = (
					"DEBUG=1",
					"$(inherited)",
				);
				GCC_WARN_64_TO_32_BIT_CONVERSION = YES;
				GCC_WARN_ABOUT_RETURN_TYPE = YES_ERROR;
				GCC_WARN_UNDECLARED_SELECTOR = YES;
				GCC_WARN_UNINITIALIZED_AUTOS = YES_AGGRESSIVE;
				GCC_WARN_UNUSED_FUNCTION = YES;
				GCC_WARN_UNUSED_VARIABLE = YES;
				IPHONEOS_DEPLOYMENT_TARGET = 15.5;
				MTL_ENABLE_DEBUG_INFO = INCLUDE_SOURCE;
				MTL_FAST_MATH = YES;
				ONLY_ACTIVE_ARCH = YES;
				SDKROOT = iphoneos;
				SWIFT_ACTIVE_COMPILATION_CONDITIONS = DEBUG;
				SWIFT_OPTIMIZATION_LEVEL = "-Onone";
			};
			name = Debug;
		};
		96D671BA28F7F5D200D438DA /* Release */ = {
			isa = XCBuildConfiguration;
			buildSettings = {
				ALWAYS_SEARCH_USER_PATHS = NO;
				CLANG_ANALYZER_NONNULL = YES;
				CLANG_ANALYZER_NUMBER_OBJECT_CONVERSION = YES_AGGRESSIVE;
				CLANG_CXX_LANGUAGE_STANDARD = "gnu++17";
				CLANG_ENABLE_MODULES = YES;
				CLANG_ENABLE_OBJC_ARC = YES;
				CLANG_ENABLE_OBJC_WEAK = YES;
				CLANG_WARN_BLOCK_CAPTURE_AUTORELEASING = YES;
				CLANG_WARN_BOOL_CONVERSION = YES;
				CLANG_WARN_COMMA = YES;
				CLANG_WARN_CONSTANT_CONVERSION = YES;
				CLANG_WARN_DEPRECATED_OBJC_IMPLEMENTATIONS = YES;
				CLANG_WARN_DIRECT_OBJC_ISA_USAGE = YES_ERROR;
				CLANG_WARN_DOCUMENTATION_COMMENTS = YES;
				CLANG_WARN_EMPTY_BODY = YES;
				CLANG_WARN_ENUM_CONVERSION = YES;
				CLANG_WARN_INFINITE_RECURSION = YES;
				CLANG_WARN_INT_CONVERSION = YES;
				CLANG_WARN_NON_LITERAL_NULL_CONVERSION = YES;
				CLANG_WARN_OBJC_IMPLICIT_RETAIN_SELF = YES;
				CLANG_WARN_OBJC_LITERAL_CONVERSION = YES;
				CLANG_WARN_OBJC_ROOT_CLASS = YES_ERROR;
				CLANG_WARN_QUOTED_INCLUDE_IN_FRAMEWORK_HEADER = YES;
				CLANG_WARN_RANGE_LOOP_ANALYSIS = YES;
				CLANG_WARN_STRICT_PROTOTYPES = YES;
				CLANG_WARN_SUSPICIOUS_MOVE = YES;
				CLANG_WARN_UNGUARDED_AVAILABILITY = YES_AGGRESSIVE;
				CLANG_WARN_UNREACHABLE_CODE = YES;
				CLANG_WARN__DUPLICATE_METHOD_MATCH = YES;
				COPY_PHASE_STRIP = NO;
				DEBUG_INFORMATION_FORMAT = "dwarf-with-dsym";
				ENABLE_NS_ASSERTIONS = NO;
				ENABLE_STRICT_OBJC_MSGSEND = YES;
				GCC_C_LANGUAGE_STANDARD = gnu11;
				GCC_NO_COMMON_BLOCKS = YES;
				GCC_WARN_64_TO_32_BIT_CONVERSION = YES;
				GCC_WARN_ABOUT_RETURN_TYPE = YES_ERROR;
				GCC_WARN_UNDECLARED_SELECTOR = YES;
				GCC_WARN_UNINITIALIZED_AUTOS = YES_AGGRESSIVE;
				GCC_WARN_UNUSED_FUNCTION = YES;
				GCC_WARN_UNUSED_VARIABLE = YES;
				IPHONEOS_DEPLOYMENT_TARGET = 15.5;
				MTL_ENABLE_DEBUG_INFO = NO;
				MTL_FAST_MATH = YES;
				SDKROOT = iphoneos;
				SWIFT_COMPILATION_MODE = wholemodule;
				SWIFT_OPTIMIZATION_LEVEL = "-O";
				VALIDATE_PRODUCT = YES;
			};
			name = Release;
		};
		96D671BC28F7F5D200D438DA /* Debug */ = {
			isa = XCBuildConfiguration;
			buildSettings = {
				ASSETCATALOG_COMPILER_APPICON_NAME = AppIcon;
				ASSETCATALOG_COMPILER_GLOBAL_ACCENT_COLOR_NAME = AccentColor;
				CODE_SIGN_STYLE = Automatic;
				CURRENT_PROJECT_VERSION = 1;
				GENERATE_INFOPLIST_FILE = YES;
				INFOPLIST_FILE = CustomizedTableView/Info.plist;
				INFOPLIST_KEY_UIApplicationSupportsIndirectInputEvents = YES;
				INFOPLIST_KEY_UILaunchStoryboardName = LaunchScreen;
				INFOPLIST_KEY_UIMainStoryboardFile = Main;
				INFOPLIST_KEY_UISupportedInterfaceOrientations_iPad = "UIInterfaceOrientationPortrait UIInterfaceOrientationPortraitUpsideDown UIInterfaceOrientationLandscapeLeft UIInterfaceOrientationLandscapeRight";
				INFOPLIST_KEY_UISupportedInterfaceOrientations_iPhone = "UIInterfaceOrientationPortrait UIInterfaceOrientationLandscapeLeft UIInterfaceOrientationLandscapeRight";
				LD_RUNPATH_SEARCH_PATHS = (
					"$(inherited)",
					"@executable_path/Frameworks",
				);
				MARKETING_VERSION = 1.0;
				PRODUCT_BUNDLE_IDENTIFIER = Siril.CustomizedTableView;
				PRODUCT_NAME = "$(TARGET_NAME)";
				SWIFT_EMIT_LOC_STRINGS = YES;
				SWIFT_VERSION = 5.0;
				TARGETED_DEVICE_FAMILY = "1,2";
			};
			name = Debug;
		};
		96D671BD28F7F5D200D438DA /* Release */ = {
			isa = XCBuildConfiguration;
			buildSettings = {
				ASSETCATALOG_COMPILER_APPICON_NAME = AppIcon;
				ASSETCATALOG_COMPILER_GLOBAL_ACCENT_COLOR_NAME = AccentColor;
				CODE_SIGN_STYLE = Automatic;
				CURRENT_PROJECT_VERSION = 1;
				GENERATE_INFOPLIST_FILE = YES;
				INFOPLIST_FILE = CustomizedTableView/Info.plist;
				INFOPLIST_KEY_UIApplicationSupportsIndirectInputEvents = YES;
				INFOPLIST_KEY_UILaunchStoryboardName = LaunchScreen;
				INFOPLIST_KEY_UIMainStoryboardFile = Main;
				INFOPLIST_KEY_UISupportedInterfaceOrientations_iPad = "UIInterfaceOrientationPortrait UIInterfaceOrientationPortraitUpsideDown UIInterfaceOrientationLandscapeLeft UIInterfaceOrientationLandscapeRight";
				INFOPLIST_KEY_UISupportedInterfaceOrientations_iPhone = "UIInterfaceOrientationPortrait UIInterfaceOrientationLandscapeLeft UIInterfaceOrientationLandscapeRight";
				LD_RUNPATH_SEARCH_PATHS = (
					"$(inherited)",
					"@executable_path/Frameworks",
				);
				MARKETING_VERSION = 1.0;
				PRODUCT_BUNDLE_IDENTIFIER = Siril.CustomizedTableView;
				PRODUCT_NAME = "$(TARGET_NAME)";
				SWIFT_EMIT_LOC_STRINGS = YES;
				SWIFT_VERSION = 5.0;
				TARGETED_DEVICE_FAMILY = "1,2";
			};
			name = Release;
		};
		96D671BF28F7F5D200D438DA /* Debug */ = {
			isa = XCBuildConfiguration;
			buildSettings = {
				ALWAYS_EMBED_SWIFT_STANDARD_LIBRARIES = YES;
				BUNDLE_LOADER = "$(TEST_HOST)";
				CODE_SIGN_STYLE = Automatic;
				CURRENT_PROJECT_VERSION = 1;
				GENERATE_INFOPLIST_FILE = YES;
				IPHONEOS_DEPLOYMENT_TARGET = 15.5;
				MARKETING_VERSION = 1.0;
				PRODUCT_BUNDLE_IDENTIFIER = Siril.CustomizedTableViewTests;
				PRODUCT_NAME = "$(TARGET_NAME)";
				SWIFT_EMIT_LOC_STRINGS = NO;
				SWIFT_VERSION = 5.0;
				TARGETED_DEVICE_FAMILY = "1,2";
				TEST_HOST = "$(BUILT_PRODUCTS_DIR)/CustomizedTableView.app/CustomizedTableView";
			};
			name = Debug;
		};
		96D671C028F7F5D200D438DA /* Release */ = {
			isa = XCBuildConfiguration;
			buildSettings = {
				ALWAYS_EMBED_SWIFT_STANDARD_LIBRARIES = YES;
				BUNDLE_LOADER = "$(TEST_HOST)";
				CODE_SIGN_STYLE = Automatic;
				CURRENT_PROJECT_VERSION = 1;
				GENERATE_INFOPLIST_FILE = YES;
				IPHONEOS_DEPLOYMENT_TARGET = 15.5;
				MARKETING_VERSION = 1.0;
				PRODUCT_BUNDLE_IDENTIFIER = Siril.CustomizedTableViewTests;
				PRODUCT_NAME = "$(TARGET_NAME)";
				SWIFT_EMIT_LOC_STRINGS = NO;
				SWIFT_VERSION = 5.0;
				TARGETED_DEVICE_FAMILY = "1,2";
				TEST_HOST = "$(BUILT_PRODUCTS_DIR)/CustomizedTableView.app/CustomizedTableView";
			};
			name = Release;
		};
		96D671C228F7F5D200D438DA /* Debug */ = {
			isa = XCBuildConfiguration;
			buildSettings = {
				ALWAYS_EMBED_SWIFT_STANDARD_LIBRARIES = YES;
				CODE_SIGN_STYLE = Automatic;
				CURRENT_PROJECT_VERSION = 1;
				GENERATE_INFOPLIST_FILE = YES;
				MARKETING_VERSION = 1.0;
				PRODUCT_BUNDLE_IDENTIFIER = Siril.CustomizedTableViewUITests;
				PRODUCT_NAME = "$(TARGET_NAME)";
				SWIFT_EMIT_LOC_STRINGS = NO;
				SWIFT_VERSION = 5.0;
				TARGETED_DEVICE_FAMILY = "1,2";
				TEST_TARGET_NAME = CustomizedTableView;
			};
			name = Debug;
		};
		96D671C328F7F5D200D438DA /* Release */ = {
			isa = XCBuildConfiguration;
			buildSettings = {
				ALWAYS_EMBED_SWIFT_STANDARD_LIBRARIES = YES;
				CODE_SIGN_STYLE = Automatic;
				CURRENT_PROJECT_VERSION = 1;
				GENERATE_INFOPLIST_FILE = YES;
				MARKETING_VERSION = 1.0;
				PRODUCT_BUNDLE_IDENTIFIER = Siril.CustomizedTableViewUITests;
				PRODUCT_NAME = "$(TARGET_NAME)";
				SWIFT_EMIT_LOC_STRINGS = NO;
				SWIFT_VERSION = 5.0;
				TARGETED_DEVICE_FAMILY = "1,2";
				TEST_TARGET_NAME = CustomizedTableView;
			};
			name = Release;
		};
/* End XCBuildConfiguration section */

/* Begin XCConfigurationList section */
		96D6718C28F7F5D000D438DA /* Build configuration list for PBXProject "CustomizedTableView" */ = {
			isa = XCConfigurationList;
			buildConfigurations = (
				96D671B928F7F5D200D438DA /* Debug */,
				96D671BA28F7F5D200D438DA /* Release */,
			);
			defaultConfigurationIsVisible = 0;
			defaultConfigurationName = Release;
		};
		96D671BB28F7F5D200D438DA /* Build configuration list for PBXNativeTarget "CustomizedTableView" */ = {
			isa = XCConfigurationList;
			buildConfigurations = (
				96D671BC28F7F5D200D438DA /* Debug */,
				96D671BD28F7F5D200D438DA /* Release */,
			);
			defaultConfigurationIsVisible = 0;
			defaultConfigurationName = Release;
		};
		96D671BE28F7F5D200D438DA /* Build configuration list for PBXNativeTarget "CustomizedTableViewTests" */ = {
			isa = XCConfigurationList;
			buildConfigurations = (
				96D671BF28F7F5D200D438DA /* Debug */,
				96D671C028F7F5D200D438DA /* Release */,
			);
			defaultConfigurationIsVisible = 0;
			defaultConfigurationName = Release;
		};
		96D671C128F7F5D200D438DA /* Build configuration list for PBXNativeTarget "CustomizedTableViewUITests" */ = {
			isa = XCConfigurationList;
			buildConfigurations = (
				96D671C228F7F5D200D438DA /* Debug */,
				96D671C328F7F5D200D438DA /* Release */,
			);
			defaultConfigurationIsVisible = 0;
			defaultConfigurationName = Release;
		};
/* End XCConfigurationList section */
	};
	rootObject = 96D6718928F7F5D000D438DA /* Project object */;
}
